
Microsoft Visual Studio Solution File, Format Version 12.00
# Visual Studio Version 17
VisualStudioVersion = 17.8.34309.116
MinimumVisualStudioVersion = 10.0.40219.1
Project("{FAE04EC0-301F-11D3-BF4B-00C04F79EFBC}") = "Obqva.Api", "Obqva.Api.csproj", "{23A288B1-7AAC-4385-BCD0-3269447D9DB2}"
EndProject
Project("{FAE04EC0-301F-11D3-BF4B-00C04F79EFBC}") = "Obqva.Service", "..\Obqva.Service\Obqva.Service.csproj", "{3FCA530B-2EE6-45A0-AB7A-1F545E91A956}"
EndProject
Project("{FAE04EC0-301F-11D3-BF4B-00C04F79EFBC}") = "Obqva.Domain", "..\Obqva.Domain\Obqva.Domain.csproj", "{FC17E86E-A762-4A3A-B2DF-47FE5750983F}"
EndProject
Project("{FAE04EC0-301F-11D3-BF4B-00C04F79EFBC}") = "Obqva.Store", "..\Obqva.Store\Obqva.Store.csproj", "{71211358-44A1-486B-9D87-C9B56EE3C67B}"
EndProject
Global
	GlobalSection(SolutionConfigurationPlatforms) = preSolution
		Debug|Any CPU = Debug|Any CPU
		Release|Any CPU = Release|Any CPU
	EndGlobalSection
	GlobalSection(ProjectConfigurationPlatforms) = postSolution
		{23A288B1-7AAC-4385-BCD0-3269447D9DB2}.Debug|Any CPU.ActiveCfg = Debug|Any CPU
		{23A288B1-7AAC-4385-BCD0-3269447D9DB2}.Debug|Any CPU.Build.0 = Debug|Any CPU
		{23A288B1-7AAC-4385-BCD0-3269447D9DB2}.Release|Any CPU.ActiveCfg = Release|Any CPU
		{23A288B1-7AAC-4385-BCD0-3269447D9DB2}.Release|Any CPU.Build.0 = Release|Any CPU
		{3FCA530B-2EE6-45A0-AB7A-1F545E91A956}.Debug|Any CPU.ActiveCfg = Debug|Any CPU
		{3FCA530B-2EE6-45A0-AB7A-1F545E91A956}.Debug|Any CPU.Build.0 = Debug|Any CPU
		{3FCA530B-2EE6-45A0-AB7A-1F545E91A956}.Release|Any CPU.ActiveCfg = Release|Any CPU
		{3FCA530B-2EE6-45A0-AB7A-1F545E91A956}.Release|Any CPU.Build.0 = Release|Any CPU
		{FC17E86E-A762-4A3A-B2DF-47FE5750983F}.Debug|Any CPU.ActiveCfg = Debug|Any CPU
		{FC17E86E-A762-4A3A-B2DF-47FE5750983F}.Debug|Any CPU.Build.0 = Debug|Any CPU
		{FC17E86E-A762-4A3A-B2DF-47FE5750983F}.Release|Any CPU.ActiveCfg = Release|Any CPU
		{FC17E86E-A762-4A3A-B2DF-47FE5750983F}.Release|Any CPU.Build.0 = Release|Any CPU
		{71211358-44A1-486B-9D87-C9B56EE3C67B}.Debug|Any CPU.ActiveCfg = Debug|Any CPU
		{71211358-44A1-486B-9D87-C9B56EE3C67B}.Debug|Any CPU.Build.0 = Debug|Any CPU
		{71211358-44A1-486B-9D87-C9B56EE3C67B}.Release|Any CPU.ActiveCfg = Release|Any CPU
		{71211358-44A1-486B-9D87-C9B56EE3C67B}.Release|Any CPU.Build.0 = Release|Any CPU
	EndGlobalSection
	GlobalSection(SolutionProperties) = preSolution
		HideSolutionNode = FALSE
	EndGlobalSection
	GlobalSection(ExtensibilityGlobals) = postSolution
		SolutionGuid = {5F941E9C-3F0F-484B-BE78-78BD292A238C}
	EndGlobalSection
EndGlobal
